
Microsoft Visual Studio Solution File, Format Version 12.00
# Visual Studio 15
VisualStudioVersion = 15.0.28307.902
MinimumVisualStudioVersion = 10.0.40219.1
Project("{FAE04EC0-301F-11D3-BF4B-00C04F79EFBC}") = "DeloitteApi", "DeloitteApi\DeloitteApi.csproj", "{27ABCEBA-8023-4B53-945E-BE0EC4581336}"
EndProject
Project("{2150E333-8FDC-42A3-9474-1A3956D46DE8}") = "Dal", "Dal", "{527A294C-09EA-467C-92E4-5B68CFEE814E}"
EndProject
Project("{2150E333-8FDC-42A3-9474-1A3956D46DE8}") = "Business", "Business", "{AC610306-0F34-4047-81ED-C9D65827EDC3}"
EndProject
Project("{2150E333-8FDC-42A3-9474-1A3956D46DE8}") = "Test", "Test", "{8E7BA230-E77C-40F5-8C69-A792EE09E065}"
EndProject
Project("{9A19103F-16F7-4668-BE54-9A1E7A4F7556}") = "DeloitteApiBusiness", "DeloitteApiBusiness\DeloitteApiBusiness.csproj", "{5C139789-2420-4EC3-AFB2-8A6A0BD25E6B}"
EndProject
Project("{9A19103F-16F7-4668-BE54-9A1E7A4F7556}") = "DeloitteApiDal", "DeloitteApiDal\DeloitteApiDal.csproj", "{F4363D14-64FC-4943-8A0E-6B9120883463}"
EndProject
Project("{FAE04EC0-301F-11D3-BF4B-00C04F79EFBC}") = "DeloitteApiTests", "DeloitteApiTests\DeloitteApiTests.csproj", "{302F920E-EDDD-4694-9583-CF29D826350A}"
EndProject
Project("{FAE04EC0-301F-11D3-BF4B-00C04F79EFBC}") = "DeloitteApiEntities", "DeloitteApiEntities\DeloitteApiEntities.csproj", "{CCD2728E-2224-4DE0-AF6A-2E961739AF20}"
EndProject
Project("{2150E333-8FDC-42A3-9474-1A3956D46DE8}") = "Core", "Core", "{82C3361A-7610-4574-B172-1478CD001373}"
EndProject
Project("{FAE04EC0-301F-11D3-BF4B-00C04F79EFBC}") = "DeloitteApiLogging", "DeloitteApiLogging\DeloitteApiLogging.csproj", "{848190F1-8258-4659-B6D5-B182144A3E2D}"
EndProject
Project("{FAE04EC0-301F-11D3-BF4B-00C04F79EFBC}") = "DeloitteApiHelper", "DeloitteApiHelper\DeloitteApiHelper.csproj", "{DDFCDEB8-987D-49F3-BE9E-DEA93DDAEF56}"
EndProject
Global
	GlobalSection(SolutionConfigurationPlatforms) = preSolution
		Debug|Any CPU = Debug|Any CPU
		Release|Any CPU = Release|Any CPU
	EndGlobalSection
	GlobalSection(ProjectConfigurationPlatforms) = postSolution
		{27ABCEBA-8023-4B53-945E-BE0EC4581336}.Debug|Any CPU.ActiveCfg = Debug|Any CPU
		{27ABCEBA-8023-4B53-945E-BE0EC4581336}.Debug|Any CPU.Build.0 = Debug|Any CPU
		{27ABCEBA-8023-4B53-945E-BE0EC4581336}.Release|Any CPU.ActiveCfg = Release|Any CPU
		{27ABCEBA-8023-4B53-945E-BE0EC4581336}.Release|Any CPU.Build.0 = Release|Any CPU
		{5C139789-2420-4EC3-AFB2-8A6A0BD25E6B}.Debug|Any CPU.ActiveCfg = Debug|Any CPU
		{5C139789-2420-4EC3-AFB2-8A6A0BD25E6B}.Debug|Any CPU.Build.0 = Debug|Any CPU
		{5C139789-2420-4EC3-AFB2-8A6A0BD25E6B}.Release|Any CPU.ActiveCfg = Release|Any CPU
		{5C139789-2420-4EC3-AFB2-8A6A0BD25E6B}.Release|Any CPU.Build.0 = Release|Any CPU
		{F4363D14-64FC-4943-8A0E-6B9120883463}.Debug|Any CPU.ActiveCfg = Debug|Any CPU
		{F4363D14-64FC-4943-8A0E-6B9120883463}.Debug|Any CPU.Build.0 = Debug|Any CPU
		{F4363D14-64FC-4943-8A0E-6B9120883463}.Release|Any CPU.ActiveCfg = Release|Any CPU
		{F4363D14-64FC-4943-8A0E-6B9120883463}.Release|Any CPU.Build.0 = Release|Any CPU
		{302F920E-EDDD-4694-9583-CF29D826350A}.Debug|Any CPU.ActiveCfg = Debug|Any CPU
		{302F920E-EDDD-4694-9583-CF29D826350A}.Debug|Any CPU.Build.0 = Debug|Any CPU
		{302F920E-EDDD-4694-9583-CF29D826350A}.Release|Any CPU.ActiveCfg = Release|Any CPU
		{302F920E-EDDD-4694-9583-CF29D826350A}.Release|Any CPU.Build.0 = Release|Any CPU
		{CCD2728E-2224-4DE0-AF6A-2E961739AF20}.Debug|Any CPU.ActiveCfg = Debug|Any CPU
		{CCD2728E-2224-4DE0-AF6A-2E961739AF20}.Debug|Any CPU.Build.0 = Debug|Any CPU
		{CCD2728E-2224-4DE0-AF6A-2E961739AF20}.Release|Any CPU.ActiveCfg = Release|Any CPU
		{CCD2728E-2224-4DE0-AF6A-2E961739AF20}.Release|Any CPU.Build.0 = Release|Any CPU
		{848190F1-8258-4659-B6D5-B182144A3E2D}.Debug|Any CPU.ActiveCfg = Debug|Any CPU
		{848190F1-8258-4659-B6D5-B182144A3E2D}.Debug|Any CPU.Build.0 = Debug|Any CPU
		{848190F1-8258-4659-B6D5-B182144A3E2D}.Release|Any CPU.ActiveCfg = Release|Any CPU
		{848190F1-8258-4659-B6D5-B182144A3E2D}.Release|Any CPU.Build.0 = Release|Any CPU
		{DDFCDEB8-987D-49F3-BE9E-DEA93DDAEF56}.Debug|Any CPU.ActiveCfg = Debug|Any CPU
		{DDFCDEB8-987D-49F3-BE9E-DEA93DDAEF56}.Debug|Any CPU.Build.0 = Debug|Any CPU
		{DDFCDEB8-987D-49F3-BE9E-DEA93DDAEF56}.Release|Any CPU.ActiveCfg = Release|Any CPU
		{DDFCDEB8-987D-49F3-BE9E-DEA93DDAEF56}.Release|Any CPU.Build.0 = Release|Any CPU
	EndGlobalSection
	GlobalSection(SolutionProperties) = preSolution
		HideSolutionNode = FALSE
	EndGlobalSection
	GlobalSection(NestedProjects) = preSolution
		{5C139789-2420-4EC3-AFB2-8A6A0BD25E6B} = {AC610306-0F34-4047-81ED-C9D65827EDC3}
		{F4363D14-64FC-4943-8A0E-6B9120883463} = {527A294C-09EA-467C-92E4-5B68CFEE814E}
		{302F920E-EDDD-4694-9583-CF29D826350A} = {8E7BA230-E77C-40F5-8C69-A792EE09E065}
		{848190F1-8258-4659-B6D5-B182144A3E2D} = {82C3361A-7610-4574-B172-1478CD001373}
		{DDFCDEB8-987D-49F3-BE9E-DEA93DDAEF56} = {82C3361A-7610-4574-B172-1478CD001373}
	EndGlobalSection
	GlobalSection(ExtensibilityGlobals) = postSolution
		SolutionGuid = {3253D5DE-5679-428B-B9DD-945FFF40D8C6}
	EndGlobalSection
EndGlobal
